
Microsoft Visual Studio Solution File, Format Version 12.00
# Visual Studio 15
VisualStudioVersion = 15.0.28307.136
MinimumVisualStudioVersion = 10.0.40219.1
Project("{FAE04EC0-301F-11D3-BF4B-00C04F79EFBC}") = "Word", "Word.csproj", "{6E864B60-B249-4AC0-816A-045C8F6D8D80}"
EndProject
Global
	GlobalSection(SolutionConfigurationPlatforms) = preSolution
		Debug|Any CPU = Debug|Any CPU
		Release|Any CPU = Release|Any CPU
	EndGlobalSection
	GlobalSection(ProjectConfigurationPlatforms) = postSolution
		{6E864B60-B249-4AC0-816A-045C8F6D8D80}.Debug|Any CPU.ActiveCfg = Debug|Any CPU
		{6E864B60-B249-4AC0-816A-045C8F6D8D80}.Debug|Any CPU.Build.0 = Debug|Any CPU
		{6E864B60-B249-4AC0-816A-045C8F6D8D80}.Release|Any CPU.ActiveCfg = Release|Any CPU
		{6E864B60-B249-4AC0-816A-045C8F6D8D80}.Release|Any CPU.Build.0 = Release|Any CPU
	EndGlobalSection
	GlobalSection(SolutionProperties) = preSolution
		HideSolutionNode = FALSE
	EndGlobalSection
	GlobalSection(ExtensibilityGlobals) = postSolution
		SolutionGuid = {4CE1FF0D-295B-4D3B-B4E3-695A74A6B1CD}
	EndGlobalSection
EndGlobal
